// !$*UTF8*$!
{
	archiveVersion = 1;
	classes = {
	};
	objectVersion = 56;
	objects = {

/* Begin PBXBuildFile section */
		921694F82BF21E70006DC44A /* HTTP.swift in Sources */ = {isa = PBXBuildFile; fileRef = 921694F72BF21E70006DC44A /* HTTP.swift */; };
		921694FA2BF21F07006DC44A /* RequestBuilder.swift in Sources */ = {isa = PBXBuildFile; fileRef = 921694F92BF21F07006DC44A /* RequestBuilder.swift */; };
		921694FC2BF2202A006DC44A /* URLBuilder.swift in Sources */ = {isa = PBXBuildFile; fileRef = 921694FB2BF2202A006DC44A /* URLBuilder.swift */; };
		921694FE2BF2207A006DC44A /* APIProvider.swift in Sources */ = {isa = PBXBuildFile; fileRef = 921694FD2BF2207A006DC44A /* APIProvider.swift */; };
		921695012BF220A6006DC44A /* NetworkError.swift in Sources */ = {isa = PBXBuildFile; fileRef = 921695002BF220A6006DC44A /* NetworkError.swift */; };
		921695042BF22DCD006DC44A /* UIImage+.swift in Sources */ = {isa = PBXBuildFile; fileRef = 921695032BF22DCD006DC44A /* UIImage+.swift */; };
		921695072BF26F23006DC44A /* APIConstants.swift in Sources */ = {isa = PBXBuildFile; fileRef = 921695062BF26F23006DC44A /* APIConstants.swift */; };
		921695092BF302D2006DC44A /* LoginViewModel.swift in Sources */ = {isa = PBXBuildFile; fileRef = 921695082BF302D2006DC44A /* LoginViewModel.swift */; };
		9216950F2BF33E9D006DC44A /* LoginDTO.swift in Sources */ = {isa = PBXBuildFile; fileRef = 9216950E2BF33E9D006DC44A /* LoginDTO.swift */; };
		921695112BF34256006DC44A /* LoginRepositoryType.swift in Sources */ = {isa = PBXBuildFile; fileRef = 921695102BF34256006DC44A /* LoginRepositoryType.swift */; };
		921695132BF34995006DC44A /* LoginProvider.swift in Sources */ = {isa = PBXBuildFile; fileRef = 921695122BF34995006DC44A /* LoginProvider.swift */; };
		921695152BF35377006DC44A /* LoginRepository.swift in Sources */ = {isa = PBXBuildFile; fileRef = 921695142BF35377006DC44A /* LoginRepository.swift */; };
		9216951C2BF3CEBC006DC44A /* LoginUseCase.swift in Sources */ = {isa = PBXBuildFile; fileRef = 9216951B2BF3CEBC006DC44A /* LoginUseCase.swift */; };
		921695212BF4D600006DC44A /* KakaoSDKCommon in Frameworks */ = {isa = PBXBuildFile; productRef = 921695202BF4D600006DC44A /* KakaoSDKCommon */; };
		921695232BF4D60E006DC44A /* KakaoSDKAuth in Frameworks */ = {isa = PBXBuildFile; productRef = 921695222BF4D60E006DC44A /* KakaoSDKAuth */; };
		921695252BF4D613006DC44A /* KakaoSDKUser in Frameworks */ = {isa = PBXBuildFile; productRef = 921695242BF4D613006DC44A /* KakaoSDKUser */; };
		921695292BF7126E006DC44A /* Pretendard-Regular.otf in Resources */ = {isa = PBXBuildFile; fileRef = 921695282BF7126E006DC44A /* Pretendard-Regular.otf */; };
		9216952C2BF712F0006DC44A /* Pretendard-Bold.otf in Resources */ = {isa = PBXBuildFile; fileRef = 9216952B2BF712F0006DC44A /* Pretendard-Bold.otf */; };
		9216952E2BF712FC006DC44A /* Pretendard-Medium.otf in Resources */ = {isa = PBXBuildFile; fileRef = 9216952D2BF712FC006DC44A /* Pretendard-Medium.otf */; };
		921695302BF71659006DC44A /* FontSize.swift in Sources */ = {isa = PBXBuildFile; fileRef = 9216952F2BF71659006DC44A /* FontSize.swift */; };
		921695322BF7450E006DC44A /* UIFont+.swift in Sources */ = {isa = PBXBuildFile; fileRef = 921695312BF7450E006DC44A /* UIFont+.swift */; };
		921695342BF765F2006DC44A /* NicknameViewController.swift in Sources */ = {isa = PBXBuildFile; fileRef = 921695332BF765F2006DC44A /* NicknameViewController.swift */; };
		921695362BF79BB7006DC44A /* NicknameViewModel.swift in Sources */ = {isa = PBXBuildFile; fileRef = 921695352BF79BB7006DC44A /* NicknameViewModel.swift */; };
		921695382BF84604006DC44A /* NicknameUseCase.swift in Sources */ = {isa = PBXBuildFile; fileRef = 921695372BF84604006DC44A /* NicknameUseCase.swift */; };
		9216953A2BF88FBB006DC44A /* UITextField+.swift in Sources */ = {isa = PBXBuildFile; fileRef = 921695392BF88FBB006DC44A /* UITextField+.swift */; };
		921695412BF9008A006DC44A /* TermsAgreeViewController.swift in Sources */ = {isa = PBXBuildFile; fileRef = 921695402BF9008A006DC44A /* TermsAgreeViewController.swift */; };
		921695462BF9B661006DC44A /* PaddingLabel.swift in Sources */ = {isa = PBXBuildFile; fileRef = 921695452BF9B661006DC44A /* PaddingLabel.swift */; };
		921695482BF9FC5B006DC44A /* LabelButton.swift in Sources */ = {isa = PBXBuildFile; fileRef = 921695472BF9FC5B006DC44A /* LabelButton.swift */; };
		9216954A2BFA1A9D006DC44A /* TermsAgreeViewModel.swift in Sources */ = {isa = PBXBuildFile; fileRef = 921695492BFA1A9D006DC44A /* TermsAgreeViewModel.swift */; };
		9216954C2BFA65EE006DC44A /* UIControl+.swift in Sources */ = {isa = PBXBuildFile; fileRef = 9216954B2BFA65EE006DC44A /* UIControl+.swift */; };
		9216954F2BFAFC8D006DC44A /* KeyChain.swift in Sources */ = {isa = PBXBuildFile; fileRef = 9216954E2BFAFC8D006DC44A /* KeyChain.swift */; };
		921695512BFB1A71006DC44A /* SplashView.swift in Sources */ = {isa = PBXBuildFile; fileRef = 921695502BFB1A71006DC44A /* SplashView.swift */; };
		921695532BFB2A3D006DC44A /* UserDTO.swift in Sources */ = {isa = PBXBuildFile; fileRef = 921695522BFB2A3D006DC44A /* UserDTO.swift */; };
		921695592BFB8D38006DC44A /* UserContainer.swift in Sources */ = {isa = PBXBuildFile; fileRef = 921695582BFB8D38006DC44A /* UserContainer.swift */; };
		9216955D2BFBBE2F006DC44A /* DIContainer.swift in Sources */ = {isa = PBXBuildFile; fileRef = 9216955C2BFBBE2F006DC44A /* DIContainer.swift */; };
		921695612BFC62F7006DC44A /* TermsAgreeUseCase.swift in Sources */ = {isa = PBXBuildFile; fileRef = 921695602BFC62F7006DC44A /* TermsAgreeUseCase.swift */; };
		921695632BFC6362006DC44A /* TermsAgreeRepositoryType.swift in Sources */ = {isa = PBXBuildFile; fileRef = 921695622BFC6362006DC44A /* TermsAgreeRepositoryType.swift */; };
		921695652BFC67D0006DC44A /* TermsAgreeRepository.swift in Sources */ = {isa = PBXBuildFile; fileRef = 921695642BFC67D0006DC44A /* TermsAgreeRepository.swift */; };
		921695672BFC68A7006DC44A /* TypeError.swift in Sources */ = {isa = PBXBuildFile; fileRef = 921695662BFC68A7006DC44A /* TypeError.swift */; };
		921695692BFC8839006DC44A /* NicknameRepositoryType.swift in Sources */ = {isa = PBXBuildFile; fileRef = 921695682BFC8839006DC44A /* NicknameRepositoryType.swift */; };
		9216956B2BFC8891006DC44A /* NicknameRepository.swift in Sources */ = {isa = PBXBuildFile; fileRef = 9216956A2BFC8891006DC44A /* NicknameRepository.swift */; };
		9216956E2BFC9381006DC44A /* WelcomeSignUPViewController.swift in Sources */ = {isa = PBXBuildFile; fileRef = 9216956D2BFC9381006DC44A /* WelcomeSignUPViewController.swift */; };
		921695702BFCA5E2006DC44A /* ErrorDTO.swift in Sources */ = {isa = PBXBuildFile; fileRef = 9216956F2BFCA5E2006DC44A /* ErrorDTO.swift */; };
		921695782BFCE1F7006DC44A /* WelcomeViewModel.swift in Sources */ = {isa = PBXBuildFile; fileRef = 921695772BFCE1F7006DC44A /* WelcomeViewModel.swift */; };
		9216957C2BFD18C7006DC44A /* RoomCountViewController.swift in Sources */ = {isa = PBXBuildFile; fileRef = 9216957B2BFD18C7006DC44A /* RoomCountViewController.swift */; };
		921695802BFDCC88006DC44A /* ProfileStateLineView.swift in Sources */ = {isa = PBXBuildFile; fileRef = 9216957F2BFDCC88006DC44A /* ProfileStateLineView.swift */; };
		921695822BFE021C006DC44A /* BackButton.swift in Sources */ = {isa = PBXBuildFile; fileRef = 921695812BFE021B006DC44A /* BackButton.swift */; };
		921695842BFE03AE006DC44A /* TitleLabel.swift in Sources */ = {isa = PBXBuildFile; fileRef = 921695832BFE03AE006DC44A /* TitleLabel.swift */; };
		921695862BFE08C9006DC44A /* DescriptionLabel.swift in Sources */ = {isa = PBXBuildFile; fileRef = 921695852BFE08C9006DC44A /* DescriptionLabel.swift */; };
		921695882BFE0958006DC44A /* NextButton.swift in Sources */ = {isa = PBXBuildFile; fileRef = 921695872BFE0958006DC44A /* NextButton.swift */; };
		9216958A2BFE100F006DC44A /* RoomCountViewModel.swift in Sources */ = {isa = PBXBuildFile; fileRef = 921695892BFE100F006DC44A /* RoomCountViewModel.swift */; };
		9216958D2BFE10F7006DC44A /* RoomCountUseCase.swift in Sources */ = {isa = PBXBuildFile; fileRef = 9216958C2BFE10F7006DC44A /* RoomCountUseCase.swift */; };
		9216958F2BFE1121006DC44A /* RoomCountRepositoryType.swift in Sources */ = {isa = PBXBuildFile; fileRef = 9216958E2BFE1121006DC44A /* RoomCountRepositoryType.swift */; };
		921695922BFE15DB006DC44A /* RoomCountRepository.swift in Sources */ = {isa = PBXBuildFile; fileRef = 921695912BFE15DB006DC44A /* RoomCountRepository.swift */; };
		921695942BFE1B8C006DC44A /* GenreViewController.swift in Sources */ = {isa = PBXBuildFile; fileRef = 921695932BFE1B8C006DC44A /* GenreViewController.swift */; };
		921695982BFE4E18006DC44A /* ProfileModel.swift in Sources */ = {isa = PBXBuildFile; fileRef = 921695972BFE4E18006DC44A /* ProfileModel.swift */; };
		9216959B2BFE65AC006DC44A /* ButtonCell.swift in Sources */ = {isa = PBXBuildFile; fileRef = 9216959A2BFE65AC006DC44A /* ButtonCell.swift */; };
		9216959D2BFE72D1006DC44A /* StrengthViewController.swift in Sources */ = {isa = PBXBuildFile; fileRef = 9216959C2BFE72D1006DC44A /* StrengthViewController.swift */; };
		92DBDA032BCFCF5900E299E2 /* AppDelegate.swift in Sources */ = {isa = PBXBuildFile; fileRef = 92DBDA022BCFCF5900E299E2 /* AppDelegate.swift */; };
		92DBDA052BCFCF5900E299E2 /* SceneDelegate.swift in Sources */ = {isa = PBXBuildFile; fileRef = 92DBDA042BCFCF5900E299E2 /* SceneDelegate.swift */; };
		92DBDA072BCFCF5900E299E2 /* LoginViewController.swift in Sources */ = {isa = PBXBuildFile; fileRef = 92DBDA062BCFCF5900E299E2 /* LoginViewController.swift */; };
		92DBDA0C2BCFCF5B00E299E2 /* Assets.xcassets in Resources */ = {isa = PBXBuildFile; fileRef = 92DBDA0B2BCFCF5B00E299E2 /* Assets.xcassets */; };
		92DBDA0F2BCFCF5B00E299E2 /* LaunchScreen.storyboard in Resources */ = {isa = PBXBuildFile; fileRef = 92DBDA0D2BCFCF5B00E299E2 /* LaunchScreen.storyboard */; };
/* End PBXBuildFile section */

/* Begin PBXFileReference section */
		921694F72BF21E70006DC44A /* HTTP.swift */ = {isa = PBXFileReference; lastKnownFileType = sourcecode.swift; path = HTTP.swift; sourceTree = "<group>"; };
		921694F92BF21F07006DC44A /* RequestBuilder.swift */ = {isa = PBXFileReference; lastKnownFileType = sourcecode.swift; path = RequestBuilder.swift; sourceTree = "<group>"; };
		921694FB2BF2202A006DC44A /* URLBuilder.swift */ = {isa = PBXFileReference; lastKnownFileType = sourcecode.swift; path = URLBuilder.swift; sourceTree = "<group>"; };
		921694FD2BF2207A006DC44A /* APIProvider.swift */ = {isa = PBXFileReference; lastKnownFileType = sourcecode.swift; path = APIProvider.swift; sourceTree = "<group>"; };
		921695002BF220A6006DC44A /* NetworkError.swift */ = {isa = PBXFileReference; lastKnownFileType = sourcecode.swift; path = NetworkError.swift; sourceTree = "<group>"; };
		921695032BF22DCD006DC44A /* UIImage+.swift */ = {isa = PBXFileReference; lastKnownFileType = sourcecode.swift; path = "UIImage+.swift"; sourceTree = "<group>"; };
		921695052BF26E73006DC44A /* roome.entitlements */ = {isa = PBXFileReference; lastKnownFileType = text.plist.entitlements; path = roome.entitlements; sourceTree = "<group>"; };
		921695062BF26F23006DC44A /* APIConstants.swift */ = {isa = PBXFileReference; lastKnownFileType = sourcecode.swift; path = APIConstants.swift; sourceTree = "<group>"; };
		921695082BF302D2006DC44A /* LoginViewModel.swift */ = {isa = PBXFileReference; lastKnownFileType = sourcecode.swift; path = LoginViewModel.swift; sourceTree = "<group>"; };
		9216950E2BF33E9D006DC44A /* LoginDTO.swift */ = {isa = PBXFileReference; lastKnownFileType = sourcecode.swift; path = LoginDTO.swift; sourceTree = "<group>"; };
		921695102BF34256006DC44A /* LoginRepositoryType.swift */ = {isa = PBXFileReference; lastKnownFileType = sourcecode.swift; path = LoginRepositoryType.swift; sourceTree = "<group>"; };
		921695122BF34995006DC44A /* LoginProvider.swift */ = {isa = PBXFileReference; lastKnownFileType = sourcecode.swift; path = LoginProvider.swift; sourceTree = "<group>"; };
		921695142BF35377006DC44A /* LoginRepository.swift */ = {isa = PBXFileReference; lastKnownFileType = sourcecode.swift; path = LoginRepository.swift; sourceTree = "<group>"; };
		9216951B2BF3CEBC006DC44A /* LoginUseCase.swift */ = {isa = PBXFileReference; lastKnownFileType = sourcecode.swift; path = LoginUseCase.swift; sourceTree = "<group>"; };
		921695262BF4EA39006DC44A /* Secrets.xcconfig */ = {isa = PBXFileReference; lastKnownFileType = text.xcconfig; path = Secrets.xcconfig; sourceTree = "<group>"; };
		921695282BF7126E006DC44A /* Pretendard-Regular.otf */ = {isa = PBXFileReference; lastKnownFileType = file; path = "Pretendard-Regular.otf"; sourceTree = "<group>"; };
		9216952B2BF712F0006DC44A /* Pretendard-Bold.otf */ = {isa = PBXFileReference; lastKnownFileType = file; path = "Pretendard-Bold.otf"; sourceTree = "<group>"; };
		9216952D2BF712FC006DC44A /* Pretendard-Medium.otf */ = {isa = PBXFileReference; lastKnownFileType = file; path = "Pretendard-Medium.otf"; sourceTree = "<group>"; };
		9216952F2BF71659006DC44A /* FontSize.swift */ = {isa = PBXFileReference; lastKnownFileType = sourcecode.swift; path = FontSize.swift; sourceTree = "<group>"; };
		921695312BF7450E006DC44A /* UIFont+.swift */ = {isa = PBXFileReference; lastKnownFileType = sourcecode.swift; path = "UIFont+.swift"; sourceTree = "<group>"; };
		921695332BF765F2006DC44A /* NicknameViewController.swift */ = {isa = PBXFileReference; lastKnownFileType = sourcecode.swift; path = NicknameViewController.swift; sourceTree = "<group>"; };
		921695352BF79BB7006DC44A /* NicknameViewModel.swift */ = {isa = PBXFileReference; lastKnownFileType = sourcecode.swift; path = NicknameViewModel.swift; sourceTree = "<group>"; };
		921695372BF84604006DC44A /* NicknameUseCase.swift */ = {isa = PBXFileReference; lastKnownFileType = sourcecode.swift; path = NicknameUseCase.swift; sourceTree = "<group>"; };
		921695392BF88FBB006DC44A /* UITextField+.swift */ = {isa = PBXFileReference; lastKnownFileType = sourcecode.swift; path = "UITextField+.swift"; sourceTree = "<group>"; };
		921695402BF9008A006DC44A /* TermsAgreeViewController.swift */ = {isa = PBXFileReference; lastKnownFileType = sourcecode.swift; path = TermsAgreeViewController.swift; sourceTree = "<group>"; };
		921695452BF9B661006DC44A /* PaddingLabel.swift */ = {isa = PBXFileReference; lastKnownFileType = sourcecode.swift; path = PaddingLabel.swift; sourceTree = "<group>"; };
		921695472BF9FC5B006DC44A /* LabelButton.swift */ = {isa = PBXFileReference; lastKnownFileType = sourcecode.swift; path = LabelButton.swift; sourceTree = "<group>"; };
		921695492BFA1A9D006DC44A /* TermsAgreeViewModel.swift */ = {isa = PBXFileReference; lastKnownFileType = sourcecode.swift; path = TermsAgreeViewModel.swift; sourceTree = "<group>"; };
		9216954B2BFA65EE006DC44A /* UIControl+.swift */ = {isa = PBXFileReference; lastKnownFileType = sourcecode.swift; path = "UIControl+.swift"; sourceTree = "<group>"; };
		9216954E2BFAFC8D006DC44A /* KeyChain.swift */ = {isa = PBXFileReference; lastKnownFileType = sourcecode.swift; path = KeyChain.swift; sourceTree = "<group>"; };
		921695502BFB1A71006DC44A /* SplashView.swift */ = {isa = PBXFileReference; lastKnownFileType = sourcecode.swift; path = SplashView.swift; sourceTree = "<group>"; };
		921695522BFB2A3D006DC44A /* UserDTO.swift */ = {isa = PBXFileReference; lastKnownFileType = sourcecode.swift; path = UserDTO.swift; sourceTree = "<group>"; };
		921695582BFB8D38006DC44A /* UserContainer.swift */ = {isa = PBXFileReference; lastKnownFileType = sourcecode.swift; path = UserContainer.swift; sourceTree = "<group>"; };
		9216955C2BFBBE2F006DC44A /* DIContainer.swift */ = {isa = PBXFileReference; lastKnownFileType = sourcecode.swift; path = DIContainer.swift; sourceTree = "<group>"; };
		921695602BFC62F7006DC44A /* TermsAgreeUseCase.swift */ = {isa = PBXFileReference; lastKnownFileType = sourcecode.swift; path = TermsAgreeUseCase.swift; sourceTree = "<group>"; };
		921695622BFC6362006DC44A /* TermsAgreeRepositoryType.swift */ = {isa = PBXFileReference; lastKnownFileType = sourcecode.swift; path = TermsAgreeRepositoryType.swift; sourceTree = "<group>"; };
		921695642BFC67D0006DC44A /* TermsAgreeRepository.swift */ = {isa = PBXFileReference; lastKnownFileType = sourcecode.swift; path = TermsAgreeRepository.swift; sourceTree = "<group>"; };
		921695662BFC68A7006DC44A /* TypeError.swift */ = {isa = PBXFileReference; lastKnownFileType = sourcecode.swift; path = TypeError.swift; sourceTree = "<group>"; };
		921695682BFC8839006DC44A /* NicknameRepositoryType.swift */ = {isa = PBXFileReference; lastKnownFileType = sourcecode.swift; path = NicknameRepositoryType.swift; sourceTree = "<group>"; };
		9216956A2BFC8891006DC44A /* NicknameRepository.swift */ = {isa = PBXFileReference; lastKnownFileType = sourcecode.swift; path = NicknameRepository.swift; sourceTree = "<group>"; };
		9216956D2BFC9381006DC44A /* WelcomeSignUPViewController.swift */ = {isa = PBXFileReference; lastKnownFileType = sourcecode.swift; path = WelcomeSignUPViewController.swift; sourceTree = "<group>"; };
		9216956F2BFCA5E2006DC44A /* ErrorDTO.swift */ = {isa = PBXFileReference; lastKnownFileType = sourcecode.swift; path = ErrorDTO.swift; sourceTree = "<group>"; };
		921695772BFCE1F7006DC44A /* WelcomeViewModel.swift */ = {isa = PBXFileReference; lastKnownFileType = sourcecode.swift; path = WelcomeViewModel.swift; sourceTree = "<group>"; };
		9216957B2BFD18C7006DC44A /* RoomCountViewController.swift */ = {isa = PBXFileReference; lastKnownFileType = sourcecode.swift; path = RoomCountViewController.swift; sourceTree = "<group>"; };
		9216957F2BFDCC88006DC44A /* ProfileStateLineView.swift */ = {isa = PBXFileReference; lastKnownFileType = sourcecode.swift; path = ProfileStateLineView.swift; sourceTree = "<group>"; };
		921695812BFE021B006DC44A /* BackButton.swift */ = {isa = PBXFileReference; lastKnownFileType = sourcecode.swift; path = BackButton.swift; sourceTree = "<group>"; };
		921695832BFE03AE006DC44A /* TitleLabel.swift */ = {isa = PBXFileReference; lastKnownFileType = sourcecode.swift; path = TitleLabel.swift; sourceTree = "<group>"; };
		921695852BFE08C9006DC44A /* DescriptionLabel.swift */ = {isa = PBXFileReference; lastKnownFileType = sourcecode.swift; path = DescriptionLabel.swift; sourceTree = "<group>"; };
		921695872BFE0958006DC44A /* NextButton.swift */ = {isa = PBXFileReference; lastKnownFileType = sourcecode.swift; path = NextButton.swift; sourceTree = "<group>"; };
		921695892BFE100F006DC44A /* RoomCountViewModel.swift */ = {isa = PBXFileReference; lastKnownFileType = sourcecode.swift; path = RoomCountViewModel.swift; sourceTree = "<group>"; };
		9216958C2BFE10F7006DC44A /* RoomCountUseCase.swift */ = {isa = PBXFileReference; lastKnownFileType = sourcecode.swift; path = RoomCountUseCase.swift; sourceTree = "<group>"; };
		9216958E2BFE1121006DC44A /* RoomCountRepositoryType.swift */ = {isa = PBXFileReference; lastKnownFileType = sourcecode.swift; path = RoomCountRepositoryType.swift; sourceTree = "<group>"; };
		921695912BFE15DB006DC44A /* RoomCountRepository.swift */ = {isa = PBXFileReference; lastKnownFileType = sourcecode.swift; path = RoomCountRepository.swift; sourceTree = "<group>"; };
		921695932BFE1B8C006DC44A /* GenreViewController.swift */ = {isa = PBXFileReference; lastKnownFileType = sourcecode.swift; path = GenreViewController.swift; sourceTree = "<group>"; };
		921695972BFE4E18006DC44A /* ProfileModel.swift */ = {isa = PBXFileReference; lastKnownFileType = sourcecode.swift; path = ProfileModel.swift; sourceTree = "<group>"; };
		9216959A2BFE65AC006DC44A /* ButtonCell.swift */ = {isa = PBXFileReference; lastKnownFileType = sourcecode.swift; path = ButtonCell.swift; sourceTree = "<group>"; };
		9216959C2BFE72D1006DC44A /* StrengthViewController.swift */ = {isa = PBXFileReference; lastKnownFileType = sourcecode.swift; path = StrengthViewController.swift; sourceTree = "<group>"; };
		92DBD9FF2BCFCF5900E299E2 /* roome.app */ = {isa = PBXFileReference; explicitFileType = wrapper.application; includeInIndex = 0; path = roome.app; sourceTree = BUILT_PRODUCTS_DIR; };
		92DBDA022BCFCF5900E299E2 /* AppDelegate.swift */ = {isa = PBXFileReference; lastKnownFileType = sourcecode.swift; path = AppDelegate.swift; sourceTree = "<group>"; };
		92DBDA042BCFCF5900E299E2 /* SceneDelegate.swift */ = {isa = PBXFileReference; lastKnownFileType = sourcecode.swift; path = SceneDelegate.swift; sourceTree = "<group>"; };
		92DBDA062BCFCF5900E299E2 /* LoginViewController.swift */ = {isa = PBXFileReference; lastKnownFileType = sourcecode.swift; path = LoginViewController.swift; sourceTree = "<group>"; };
		92DBDA0B2BCFCF5B00E299E2 /* Assets.xcassets */ = {isa = PBXFileReference; lastKnownFileType = folder.assetcatalog; path = Assets.xcassets; sourceTree = "<group>"; };
		92DBDA0E2BCFCF5B00E299E2 /* Base */ = {isa = PBXFileReference; lastKnownFileType = file.storyboard; name = Base; path = Base.lproj/LaunchScreen.storyboard; sourceTree = "<group>"; };
		92DBDA102BCFCF5B00E299E2 /* Info.plist */ = {isa = PBXFileReference; lastKnownFileType = text.plist.xml; path = Info.plist; sourceTree = "<group>"; };
/* End PBXFileReference section */

/* Begin PBXFrameworksBuildPhase section */
		92DBD9FC2BCFCF5900E299E2 /* Frameworks */ = {
			isa = PBXFrameworksBuildPhase;
			buildActionMask = 2147483647;
			files = (
				921695212BF4D600006DC44A /* KakaoSDKCommon in Frameworks */,
				921695232BF4D60E006DC44A /* KakaoSDKAuth in Frameworks */,
				921695252BF4D613006DC44A /* KakaoSDKUser in Frameworks */,
			);
			runOnlyForDeploymentPostprocessing = 0;
		};
/* End PBXFrameworksBuildPhase section */

/* Begin PBXGroup section */
		921694E92BF1BA74006DC44A /* View */ = {
			isa = PBXGroup;
			children = (
				92DBDA062BCFCF5900E299E2 /* LoginViewController.swift */,
				9216953B2BF88FDD006DC44A /* SignUp */,
				9216956C2BFC9353006DC44A /* Profile */,
			);
			path = View;
			sourceTree = "<group>";
		};
		921694EA2BF1BA7C006DC44A /* Application */ = {
			isa = PBXGroup;
			children = (
				92DBDA022BCFCF5900E299E2 /* AppDelegate.swift */,
				92DBDA042BCFCF5900E299E2 /* SceneDelegate.swift */,
				9216955C2BFBBE2F006DC44A /* DIContainer.swift */,
				921695582BFB8D38006DC44A /* UserContainer.swift */,
			);
			path = Application;
			sourceTree = "<group>";
		};
		921694EC2BF1BA8E006DC44A /* ViewModel */ = {
			isa = PBXGroup;
			children = (
				921695082BF302D2006DC44A /* LoginViewModel.swift */,
				921695712BFCB58D006DC44A /* SignUp */,
				921695762BFCE1E0006DC44A /* Profile */,
			);
			path = ViewModel;
			sourceTree = "<group>";
		};
		921694ED2BF1BB8B006DC44A /* Presentation */ = {
			isa = PBXGroup;
			children = (
				921695442BF9B64E006DC44A /* CustomUI */,
				921695022BF22DB4006DC44A /* Extension */,
				921694E92BF1BA74006DC44A /* View */,
				921694EC2BF1BA8E006DC44A /* ViewModel */,
			);
			path = Presentation;
			sourceTree = "<group>";
		};
		921694EE2BF1BBD1006DC44A /* Domain */ = {
			isa = PBXGroup;
			children = (
				9216954D2BFAFC72006DC44A /* Utils */,
				9216950A2BF31799006DC44A /* Repository */,
				9216950B2BF317AC006DC44A /* UseCase */,
			);
			path = Domain;
			sourceTree = "<group>";
		};
		921694EF2BF1BDD7006DC44A /* Data */ = {
			isa = PBXGroup;
			children = (
				921695952BFE4DF9006DC44A /* Model */,
				921695742BFCB629006DC44A /* Error */,
				9216950D2BF33DA7006DC44A /* DataMaping */,
				9216950C2BF317CE006DC44A /* Repository */,
				921694F02BF1BEA5006DC44A /* Network */,
			);
			path = Data;
			sourceTree = "<group>";
		};
		921694F02BF1BEA5006DC44A /* Network */ = {
			isa = PBXGroup;
			children = (
				921695062BF26F23006DC44A /* APIConstants.swift */,
				921695122BF34995006DC44A /* LoginProvider.swift */,
			);
			path = Network;
			sourceTree = "<group>";
		};
		921694F52BF21E5C006DC44A /* Infrastructure */ = {
			isa = PBXGroup;
			children = (
				921694FF2BF22096006DC44A /* Error */,
				921694F62BF21E66006DC44A /* Network */,
			);
			path = Infrastructure;
			sourceTree = "<group>";
		};
		921694F62BF21E66006DC44A /* Network */ = {
			isa = PBXGroup;
			children = (
				921694F72BF21E70006DC44A /* HTTP.swift */,
				921694F92BF21F07006DC44A /* RequestBuilder.swift */,
				921694FB2BF2202A006DC44A /* URLBuilder.swift */,
				921694FD2BF2207A006DC44A /* APIProvider.swift */,
			);
			path = Network;
			sourceTree = "<group>";
		};
		921694FF2BF22096006DC44A /* Error */ = {
			isa = PBXGroup;
			children = (
				921695002BF220A6006DC44A /* NetworkError.swift */,
				9216956F2BFCA5E2006DC44A /* ErrorDTO.swift */,
			);
			path = Error;
			sourceTree = "<group>";
		};
		921695022BF22DB4006DC44A /* Extension */ = {
			isa = PBXGroup;
			children = (
				921695032BF22DCD006DC44A /* UIImage+.swift */,
				9216954B2BFA65EE006DC44A /* UIControl+.swift */,
			);
			path = Extension;
			sourceTree = "<group>";
		};
		9216950A2BF31799006DC44A /* Repository */ = {
			isa = PBXGroup;
			children = (
				921695102BF34256006DC44A /* LoginRepositoryType.swift */,
				921695722BFCB5D0006DC44A /* SignUp */,
				9216958E2BFE1121006DC44A /* RoomCountRepositoryType.swift */,
			);
			path = Repository;
			sourceTree = "<group>";
		};
		9216950B2BF317AC006DC44A /* UseCase */ = {
			isa = PBXGroup;
			children = (
				9216951B2BF3CEBC006DC44A /* LoginUseCase.swift */,
				921695732BFCB5E5006DC44A /* SignUp */,
				9216958B2BFE10DD006DC44A /* Profile */,
			);
			path = UseCase;
			sourceTree = "<group>";
		};
		9216950C2BF317CE006DC44A /* Repository */ = {
			isa = PBXGroup;
			children = (
				921695142BF35377006DC44A /* LoginRepository.swift */,
				921695752BFCB634006DC44A /* SignUp */,
				921695902BFE15BF006DC44A /* Profile */,
			);
			path = Repository;
			sourceTree = "<group>";
		};
		9216950D2BF33DA7006DC44A /* DataMaping */ = {
			isa = PBXGroup;
			children = (
				9216950E2BF33E9D006DC44A /* LoginDTO.swift */,
				921695522BFB2A3D006DC44A /* UserDTO.swift */,
			);
			path = DataMaping;
			sourceTree = "<group>";
		};
		9216951F2BF4D600006DC44A /* Frameworks */ = {
			isa = PBXGroup;
			children = (
			);
			name = Frameworks;
			sourceTree = "<group>";
		};
		921695272BF71223006DC44A /* Font */ = {
			isa = PBXGroup;
			children = (
				9216952B2BF712F0006DC44A /* Pretendard-Bold.otf */,
				9216952D2BF712FC006DC44A /* Pretendard-Medium.otf */,
				921695282BF7126E006DC44A /* Pretendard-Regular.otf */,
				9216952F2BF71659006DC44A /* FontSize.swift */,
				921695312BF7450E006DC44A /* UIFont+.swift */,
			);
			path = Font;
			sourceTree = "<group>";
		};
		9216952A2BF712A0006DC44A /* Resources */ = {
			isa = PBXGroup;
			children = (
				921695272BF71223006DC44A /* Font */,
			);
			path = Resources;
			sourceTree = "<group>";
		};
		9216953B2BF88FDD006DC44A /* SignUp */ = {
			isa = PBXGroup;
			children = (
				9216953D2BF88FF5006DC44A /* Extension */,
				9216953C2BF88FE9006DC44A /* ViewController */,
			);
			path = SignUp;
			sourceTree = "<group>";
		};
		9216953C2BF88FE9006DC44A /* ViewController */ = {
			isa = PBXGroup;
			children = (
				921695402BF9008A006DC44A /* TermsAgreeViewController.swift */,
				921695332BF765F2006DC44A /* NicknameViewController.swift */,
			);
			path = ViewController;
			sourceTree = "<group>";
		};
		9216953D2BF88FF5006DC44A /* Extension */ = {
			isa = PBXGroup;
			children = (
				921695392BF88FBB006DC44A /* UITextField+.swift */,
			);
			path = Extension;
			sourceTree = "<group>";
		};
		921695442BF9B64E006DC44A /* CustomUI */ = {
			isa = PBXGroup;
			children = (
				9216959F2BFE72F7006DC44A /* Label */,
				9216959E2BFE72E2006DC44A /* Button */,
				921695992BFE65A1006DC44A /* Cell */,
				9216957F2BFDCC88006DC44A /* ProfileStateLineView.swift */,
			);
			path = CustomUI;
			sourceTree = "<group>";
		};
		9216954D2BFAFC72006DC44A /* Utils */ = {
			isa = PBXGroup;
			children = (
				9216954E2BFAFC8D006DC44A /* KeyChain.swift */,
			);
			path = Utils;
			sourceTree = "<group>";
		};
		9216956C2BFC9353006DC44A /* Profile */ = {
			isa = PBXGroup;
			children = (
				9216956D2BFC9381006DC44A /* WelcomeSignUPViewController.swift */,
				9216957B2BFD18C7006DC44A /* RoomCountViewController.swift */,
				921695932BFE1B8C006DC44A /* GenreViewController.swift */,
				9216959C2BFE72D1006DC44A /* StrengthViewController.swift */,
			);
			path = Profile;
			sourceTree = "<group>";
		};
		921695712BFCB58D006DC44A /* SignUp */ = {
			isa = PBXGroup;
			children = (
				921695492BFA1A9D006DC44A /* TermsAgreeViewModel.swift */,
				921695352BF79BB7006DC44A /* NicknameViewModel.swift */,
			);
			path = SignUp;
			sourceTree = "<group>";
		};
		921695722BFCB5D0006DC44A /* SignUp */ = {
			isa = PBXGroup;
			children = (
				921695682BFC8839006DC44A /* NicknameRepositoryType.swift */,
				921695622BFC6362006DC44A /* TermsAgreeRepositoryType.swift */,
			);
			path = SignUp;
			sourceTree = "<group>";
		};
		921695732BFCB5E5006DC44A /* SignUp */ = {
			isa = PBXGroup;
			children = (
				921695602BFC62F7006DC44A /* TermsAgreeUseCase.swift */,
				921695372BF84604006DC44A /* NicknameUseCase.swift */,
			);
			path = SignUp;
			sourceTree = "<group>";
		};
		921695742BFCB629006DC44A /* Error */ = {
			isa = PBXGroup;
			children = (
				921695662BFC68A7006DC44A /* TypeError.swift */,
			);
			path = Error;
			sourceTree = "<group>";
		};
		921695752BFCB634006DC44A /* SignUp */ = {
			isa = PBXGroup;
			children = (
				921695642BFC67D0006DC44A /* TermsAgreeRepository.swift */,
				9216956A2BFC8891006DC44A /* NicknameRepository.swift */,
			);
			path = SignUp;
			sourceTree = "<group>";
		};
		921695762BFCE1E0006DC44A /* Profile */ = {
			isa = PBXGroup;
			children = (
				921695772BFCE1F7006DC44A /* WelcomeViewModel.swift */,
				921695892BFE100F006DC44A /* RoomCountViewModel.swift */,
			);
			path = Profile;
			sourceTree = "<group>";
		};
		9216958B2BFE10DD006DC44A /* Profile */ = {
			isa = PBXGroup;
			children = (
				9216958C2BFE10F7006DC44A /* RoomCountUseCase.swift */,
			);
			path = Profile;
			sourceTree = "<group>";
		};
		921695902BFE15BF006DC44A /* Profile */ = {
			isa = PBXGroup;
			children = (
				921695912BFE15DB006DC44A /* RoomCountRepository.swift */,
			);
			path = Profile;
			sourceTree = "<group>";
		};
		921695952BFE4DF9006DC44A /* Model */ = {
			isa = PBXGroup;
			children = (
				921695972BFE4E18006DC44A /* ProfileModel.swift */,
			);
			path = Model;
			sourceTree = "<group>";
		};
		921695992BFE65A1006DC44A /* Cell */ = {
			isa = PBXGroup;
			children = (
				9216959A2BFE65AC006DC44A /* ButtonCell.swift */,
			);
			path = Cell;
			sourceTree = "<group>";
		};
		9216959E2BFE72E2006DC44A /* Button */ = {
			isa = PBXGroup;
			children = (
				921695472BF9FC5B006DC44A /* LabelButton.swift */,
				921695812BFE021B006DC44A /* BackButton.swift */,
				921695872BFE0958006DC44A /* NextButton.swift */,
			);
			path = Button;
			sourceTree = "<group>";
		};
		9216959F2BFE72F7006DC44A /* Label */ = {
			isa = PBXGroup;
			children = (
				921695452BF9B661006DC44A /* PaddingLabel.swift */,
				921695832BFE03AE006DC44A /* TitleLabel.swift */,
				921695852BFE08C9006DC44A /* DescriptionLabel.swift */,
			);
			path = Label;
			sourceTree = "<group>";
		};
		92DBD9F62BCFCF5900E299E2 = {
			isa = PBXGroup;
			children = (
				92DBDA012BCFCF5900E299E2 /* roome */,
				92DBDA002BCFCF5900E299E2 /* Products */,
				9216951F2BF4D600006DC44A /* Frameworks */,
			);
			sourceTree = "<group>";
		};
		92DBDA002BCFCF5900E299E2 /* Products */ = {
			isa = PBXGroup;
			children = (
				92DBD9FF2BCFCF5900E299E2 /* roome.app */,
			);
			name = Products;
			sourceTree = "<group>";
		};
		92DBDA012BCFCF5900E299E2 /* roome */ = {
			isa = PBXGroup;
			children = (
				921695262BF4EA39006DC44A /* Secrets.xcconfig */,
				921695052BF26E73006DC44A /* roome.entitlements */,
				921695502BFB1A71006DC44A /* SplashView.swift */,
				92DBDA0D2BCFCF5B00E299E2 /* LaunchScreen.storyboard */,
				921694EA2BF1BA7C006DC44A /* Application */,
				921694EF2BF1BDD7006DC44A /* Data */,
				921694ED2BF1BB8B006DC44A /* Presentation */,
				921694EE2BF1BBD1006DC44A /* Domain */,
				921694F52BF21E5C006DC44A /* Infrastructure */,
				9216952A2BF712A0006DC44A /* Resources */,
				92DBDA0B2BCFCF5B00E299E2 /* Assets.xcassets */,
				92DBDA102BCFCF5B00E299E2 /* Info.plist */,
			);
			path = roome;
			sourceTree = "<group>";
		};
/* End PBXGroup section */

/* Begin PBXNativeTarget section */
		92DBD9FE2BCFCF5900E299E2 /* roome */ = {
			isa = PBXNativeTarget;
			buildConfigurationList = 92DBDA132BCFCF5B00E299E2 /* Build configuration list for PBXNativeTarget "roome" */;
			buildPhases = (
				92DBD9FB2BCFCF5900E299E2 /* Sources */,
				92DBD9FC2BCFCF5900E299E2 /* Frameworks */,
				92DBD9FD2BCFCF5900E299E2 /* Resources */,
			);
			buildRules = (
			);
			dependencies = (
			);
			name = roome;
			packageProductDependencies = (
				921695202BF4D600006DC44A /* KakaoSDKCommon */,
				921695222BF4D60E006DC44A /* KakaoSDKAuth */,
				921695242BF4D613006DC44A /* KakaoSDKUser */,
			);
			productName = roome;
			productReference = 92DBD9FF2BCFCF5900E299E2 /* roome.app */;
			productType = "com.apple.product-type.application";
		};
/* End PBXNativeTarget section */

/* Begin PBXProject section */
		92DBD9F72BCFCF5900E299E2 /* Project object */ = {
			isa = PBXProject;
			attributes = {
				BuildIndependentTargetsInParallel = 1;
				LastSwiftUpdateCheck = 1500;
				LastUpgradeCheck = 1500;
				TargetAttributes = {
					92DBD9FE2BCFCF5900E299E2 = {
						CreatedOnToolsVersion = 15.0;
					};
				};
			};
			buildConfigurationList = 92DBD9FA2BCFCF5900E299E2 /* Build configuration list for PBXProject "roome" */;
			compatibilityVersion = "Xcode 14.0";
			developmentRegion = en;
			hasScannedForEncodings = 0;
			knownRegions = (
				en,
				Base,
			);
			mainGroup = 92DBD9F62BCFCF5900E299E2;
			packageReferences = (
				9216951D2BF4C0E7006DC44A /* XCRemoteSwiftPackageReference "kakao-ios-sdk" */,
			);
			productRefGroup = 92DBDA002BCFCF5900E299E2 /* Products */;
			projectDirPath = "";
			projectRoot = "";
			targets = (
				92DBD9FE2BCFCF5900E299E2 /* roome */,
			);
		};
/* End PBXProject section */

/* Begin PBXResourcesBuildPhase section */
		92DBD9FD2BCFCF5900E299E2 /* Resources */ = {
			isa = PBXResourcesBuildPhase;
			buildActionMask = 2147483647;
			files = (
				92DBDA0F2BCFCF5B00E299E2 /* LaunchScreen.storyboard in Resources */,
				9216952E2BF712FC006DC44A /* Pretendard-Medium.otf in Resources */,
				9216952C2BF712F0006DC44A /* Pretendard-Bold.otf in Resources */,
				921695292BF7126E006DC44A /* Pretendard-Regular.otf in Resources */,
				92DBDA0C2BCFCF5B00E299E2 /* Assets.xcassets in Resources */,
			);
			runOnlyForDeploymentPostprocessing = 0;
		};
/* End PBXResourcesBuildPhase section */

/* Begin PBXSourcesBuildPhase section */
		92DBD9FB2BCFCF5900E299E2 /* Sources */ = {
			isa = PBXSourcesBuildPhase;
			buildActionMask = 2147483647;
			files = (
				921695632BFC6362006DC44A /* TermsAgreeRepositoryType.swift in Sources */,
				921695652BFC67D0006DC44A /* TermsAgreeRepository.swift in Sources */,
				921695132BF34995006DC44A /* LoginProvider.swift in Sources */,
				921695382BF84604006DC44A /* NicknameUseCase.swift in Sources */,
				921694FA2BF21F07006DC44A /* RequestBuilder.swift in Sources */,
				9216950F2BF33E9D006DC44A /* LoginDTO.swift in Sources */,
				921695012BF220A6006DC44A /* NetworkError.swift in Sources */,
				921695092BF302D2006DC44A /* LoginViewModel.swift in Sources */,
				9216954C2BFA65EE006DC44A /* UIControl+.swift in Sources */,
				921695922BFE15DB006DC44A /* RoomCountRepository.swift in Sources */,
				921695152BF35377006DC44A /* LoginRepository.swift in Sources */,
				921695342BF765F2006DC44A /* NicknameViewController.swift in Sources */,
				921695302BF71659006DC44A /* FontSize.swift in Sources */,
				92DBDA072BCFCF5900E299E2 /* LoginViewController.swift in Sources */,
				921695882BFE0958006DC44A /* NextButton.swift in Sources */,
				9216959D2BFE72D1006DC44A /* StrengthViewController.swift in Sources */,
				921695692BFC8839006DC44A /* NicknameRepositoryType.swift in Sources */,
				921694FE2BF2207A006DC44A /* APIProvider.swift in Sources */,
				921695462BF9B661006DC44A /* PaddingLabel.swift in Sources */,
				921695592BFB8D38006DC44A /* UserContainer.swift in Sources */,
				921694F82BF21E70006DC44A /* HTTP.swift in Sources */,
				921695322BF7450E006DC44A /* UIFont+.swift in Sources */,
				921695612BFC62F7006DC44A /* TermsAgreeUseCase.swift in Sources */,
				921695362BF79BB7006DC44A /* NicknameViewModel.swift in Sources */,
				92DBDA032BCFCF5900E299E2 /* AppDelegate.swift in Sources */,
				921695482BF9FC5B006DC44A /* LabelButton.swift in Sources */,
				9216958D2BFE10F7006DC44A /* RoomCountUseCase.swift in Sources */,
				921695532BFB2A3D006DC44A /* UserDTO.swift in Sources */,
				921695982BFE4E18006DC44A /* ProfileModel.swift in Sources */,
				921695822BFE021C006DC44A /* BackButton.swift in Sources */,
				9216959B2BFE65AC006DC44A /* ButtonCell.swift in Sources */,
				9216955D2BFBBE2F006DC44A /* DIContainer.swift in Sources */,
				921695412BF9008A006DC44A /* TermsAgreeViewController.swift in Sources */,
				921695072BF26F23006DC44A /* APIConstants.swift in Sources */,
				921695042BF22DCD006DC44A /* UIImage+.swift in Sources */,
				92DBDA052BCFCF5900E299E2 /* SceneDelegate.swift in Sources */,
				9216957C2BFD18C7006DC44A /* RoomCountViewController.swift in Sources */,
				9216954A2BFA1A9D006DC44A /* TermsAgreeViewModel.swift in Sources */,
				921695782BFCE1F7006DC44A /* WelcomeViewModel.swift in Sources */,
				921695942BFE1B8C006DC44A /* GenreViewController.swift in Sources */,
				921695862BFE08C9006DC44A /* DescriptionLabel.swift in Sources */,
				921695842BFE03AE006DC44A /* TitleLabel.swift in Sources */,
				921695112BF34256006DC44A /* LoginRepositoryType.swift in Sources */,
				9216958A2BFE100F006DC44A /* RoomCountViewModel.swift in Sources */,
				921694FC2BF2202A006DC44A /* URLBuilder.swift in Sources */,
				9216954F2BFAFC8D006DC44A /* KeyChain.swift in Sources */,
				9216956E2BFC9381006DC44A /* WelcomeSignUPViewController.swift in Sources */,
				921695672BFC68A7006DC44A /* TypeError.swift in Sources */,
				921695512BFB1A71006DC44A /* SplashView.swift in Sources */,
				9216956B2BFC8891006DC44A /* NicknameRepository.swift in Sources */,
				921695702BFCA5E2006DC44A /* ErrorDTO.swift in Sources */,
				9216958F2BFE1121006DC44A /* RoomCountRepositoryType.swift in Sources */,
				921695802BFDCC88006DC44A /* ProfileStateLineView.swift in Sources */,
				9216951C2BF3CEBC006DC44A /* LoginUseCase.swift in Sources */,
				9216953A2BF88FBB006DC44A /* UITextField+.swift in Sources */,
			);
			runOnlyForDeploymentPostprocessing = 0;
		};
/* End PBXSourcesBuildPhase section */

/* Begin PBXVariantGroup section */
		92DBDA0D2BCFCF5B00E299E2 /* LaunchScreen.storyboard */ = {
			isa = PBXVariantGroup;
			children = (
				92DBDA0E2BCFCF5B00E299E2 /* Base */,
			);
			name = LaunchScreen.storyboard;
			sourceTree = "<group>";
		};
/* End PBXVariantGroup section */

/* Begin XCBuildConfiguration section */
		92DBDA112BCFCF5B00E299E2 /* Debug */ = {
			isa = XCBuildConfiguration;
			baseConfigurationReference = 921695262BF4EA39006DC44A /* Secrets.xcconfig */;
			buildSettings = {
				ALWAYS_SEARCH_USER_PATHS = NO;
				ASSETCATALOG_COMPILER_GENERATE_SWIFT_ASSET_SYMBOL_EXTENSIONS = YES;
				CLANG_ANALYZER_NONNULL = YES;
				CLANG_ANALYZER_NUMBER_OBJECT_CONVERSION = YES_AGGRESSIVE;
				CLANG_CXX_LANGUAGE_STANDARD = "gnu++20";
				CLANG_ENABLE_MODULES = YES;
				CLANG_ENABLE_OBJC_ARC = YES;
				CLANG_ENABLE_OBJC_WEAK = YES;
				CLANG_WARN_BLOCK_CAPTURE_AUTORELEASING = YES;
				CLANG_WARN_BOOL_CONVERSION = YES;
				CLANG_WARN_COMMA = YES;
				CLANG_WARN_CONSTANT_CONVERSION = YES;
				CLANG_WARN_DEPRECATED_OBJC_IMPLEMENTATIONS = YES;
				CLANG_WARN_DIRECT_OBJC_ISA_USAGE = YES_ERROR;
				CLANG_WARN_DOCUMENTATION_COMMENTS = YES;
				CLANG_WARN_EMPTY_BODY = YES;
				CLANG_WARN_ENUM_CONVERSION = YES;
				CLANG_WARN_INFINITE_RECURSION = YES;
				CLANG_WARN_INT_CONVERSION = YES;
				CLANG_WARN_NON_LITERAL_NULL_CONVERSION = YES;
				CLANG_WARN_OBJC_IMPLICIT_RETAIN_SELF = YES;
				CLANG_WARN_OBJC_LITERAL_CONVERSION = YES;
				CLANG_WARN_OBJC_ROOT_CLASS = YES_ERROR;
				CLANG_WARN_QUOTED_INCLUDE_IN_FRAMEWORK_HEADER = YES;
				CLANG_WARN_RANGE_LOOP_ANALYSIS = YES;
				CLANG_WARN_STRICT_PROTOTYPES = YES;
				CLANG_WARN_SUSPICIOUS_MOVE = YES;
				CLANG_WARN_UNGUARDED_AVAILABILITY = YES_AGGRESSIVE;
				CLANG_WARN_UNREACHABLE_CODE = YES;
				CLANG_WARN__DUPLICATE_METHOD_MATCH = YES;
				COPY_PHASE_STRIP = NO;
				DEBUG_INFORMATION_FORMAT = dwarf;
				ENABLE_STRICT_OBJC_MSGSEND = YES;
				ENABLE_TESTABILITY = YES;
				ENABLE_USER_SCRIPT_SANDBOXING = YES;
				GCC_C_LANGUAGE_STANDARD = gnu17;
				GCC_DYNAMIC_NO_PIC = NO;
				GCC_NO_COMMON_BLOCKS = YES;
				GCC_OPTIMIZATION_LEVEL = 0;
				GCC_PREPROCESSOR_DEFINITIONS = (
					"DEBUG=1",
					"$(inherited)",
				);
				GCC_WARN_64_TO_32_BIT_CONVERSION = YES;
				GCC_WARN_ABOUT_RETURN_TYPE = YES_ERROR;
				GCC_WARN_UNDECLARED_SELECTOR = YES;
				GCC_WARN_UNINITIALIZED_AUTOS = YES_AGGRESSIVE;
				GCC_WARN_UNUSED_FUNCTION = YES;
				GCC_WARN_UNUSED_VARIABLE = YES;
				IPHONEOS_DEPLOYMENT_TARGET = 17.0;
				LOCALIZATION_PREFERS_STRING_CATALOGS = YES;
				MTL_ENABLE_DEBUG_INFO = INCLUDE_SOURCE;
				MTL_FAST_MATH = YES;
				ONLY_ACTIVE_ARCH = YES;
				SDKROOT = iphoneos;
				SWIFT_ACTIVE_COMPILATION_CONDITIONS = "DEBUG $(inherited)";
				SWIFT_OPTIMIZATION_LEVEL = "-Onone";
			};
			name = Debug;
		};
		92DBDA122BCFCF5B00E299E2 /* Release */ = {
			isa = XCBuildConfiguration;
			baseConfigurationReference = 921695262BF4EA39006DC44A /* Secrets.xcconfig */;
			buildSettings = {
				ALWAYS_SEARCH_USER_PATHS = NO;
				ASSETCATALOG_COMPILER_GENERATE_SWIFT_ASSET_SYMBOL_EXTENSIONS = YES;
				CLANG_ANALYZER_NONNULL = YES;
				CLANG_ANALYZER_NUMBER_OBJECT_CONVERSION = YES_AGGRESSIVE;
				CLANG_CXX_LANGUAGE_STANDARD = "gnu++20";
				CLANG_ENABLE_MODULES = YES;
				CLANG_ENABLE_OBJC_ARC = YES;
				CLANG_ENABLE_OBJC_WEAK = YES;
				CLANG_WARN_BLOCK_CAPTURE_AUTORELEASING = YES;
				CLANG_WARN_BOOL_CONVERSION = YES;
				CLANG_WARN_COMMA = YES;
				CLANG_WARN_CONSTANT_CONVERSION = YES;
				CLANG_WARN_DEPRECATED_OBJC_IMPLEMENTATIONS = YES;
				CLANG_WARN_DIRECT_OBJC_ISA_USAGE = YES_ERROR;
				CLANG_WARN_DOCUMENTATION_COMMENTS = YES;
				CLANG_WARN_EMPTY_BODY = YES;
				CLANG_WARN_ENUM_CONVERSION = YES;
				CLANG_WARN_INFINITE_RECURSION = YES;
				CLANG_WARN_INT_CONVERSION = YES;
				CLANG_WARN_NON_LITERAL_NULL_CONVERSION = YES;
				CLANG_WARN_OBJC_IMPLICIT_RETAIN_SELF = YES;
				CLANG_WARN_OBJC_LITERAL_CONVERSION = YES;
				CLANG_WARN_OBJC_ROOT_CLASS = YES_ERROR;
				CLANG_WARN_QUOTED_INCLUDE_IN_FRAMEWORK_HEADER = YES;
				CLANG_WARN_RANGE_LOOP_ANALYSIS = YES;
				CLANG_WARN_STRICT_PROTOTYPES = YES;
				CLANG_WARN_SUSPICIOUS_MOVE = YES;
				CLANG_WARN_UNGUARDED_AVAILABILITY = YES_AGGRESSIVE;
				CLANG_WARN_UNREACHABLE_CODE = YES;
				CLANG_WARN__DUPLICATE_METHOD_MATCH = YES;
				COPY_PHASE_STRIP = NO;
				DEBUG_INFORMATION_FORMAT = "dwarf-with-dsym";
				ENABLE_NS_ASSERTIONS = NO;
				ENABLE_STRICT_OBJC_MSGSEND = YES;
				ENABLE_USER_SCRIPT_SANDBOXING = YES;
				GCC_C_LANGUAGE_STANDARD = gnu17;
				GCC_NO_COMMON_BLOCKS = YES;
				GCC_WARN_64_TO_32_BIT_CONVERSION = YES;
				GCC_WARN_ABOUT_RETURN_TYPE = YES_ERROR;
				GCC_WARN_UNDECLARED_SELECTOR = YES;
				GCC_WARN_UNINITIALIZED_AUTOS = YES_AGGRESSIVE;
				GCC_WARN_UNUSED_FUNCTION = YES;
				GCC_WARN_UNUSED_VARIABLE = YES;
				IPHONEOS_DEPLOYMENT_TARGET = 17.0;
				LOCALIZATION_PREFERS_STRING_CATALOGS = YES;
				MTL_ENABLE_DEBUG_INFO = NO;
				MTL_FAST_MATH = YES;
				SDKROOT = iphoneos;
				SWIFT_COMPILATION_MODE = wholemodule;
				VALIDATE_PRODUCT = YES;
			};
			name = Release;
		};
		92DBDA142BCFCF5B00E299E2 /* Debug */ = {
			isa = XCBuildConfiguration;
			buildSettings = {
				ASSETCATALOG_COMPILER_APPICON_NAME = AppIcon;
				ASSETCATALOG_COMPILER_GLOBAL_ACCENT_COLOR_NAME = AccentColor;
				CODE_SIGN_ENTITLEMENTS = roome/roome.entitlements;
				CODE_SIGN_STYLE = Automatic;
				CURRENT_PROJECT_VERSION = 1;
				DEVELOPMENT_TEAM = BMG3X5CM6G;
				GENERATE_INFOPLIST_FILE = YES;
				INFOPLIST_FILE = roome/Info.plist;
				INFOPLIST_KEY_UIApplicationSupportsIndirectInputEvents = YES;
				INFOPLIST_KEY_UILaunchStoryboardName = LaunchScreen;
				INFOPLIST_KEY_UISupportedInterfaceOrientations_iPad = "UIInterfaceOrientationPortrait UIInterfaceOrientationPortraitUpsideDown UIInterfaceOrientationLandscapeLeft UIInterfaceOrientationLandscapeRight";
				INFOPLIST_KEY_UISupportedInterfaceOrientations_iPhone = "UIInterfaceOrientationPortrait UIInterfaceOrientationLandscapeLeft UIInterfaceOrientationLandscapeRight";
				LD_RUNPATH_SEARCH_PATHS = (
					"$(inherited)",
					"@executable_path/Frameworks",
				);
				MARKETING_VERSION = 1.0;
				PRODUCT_BUNDLE_IDENTIFIER = kr.traum.marchen.roome;
				PRODUCT_NAME = "$(TARGET_NAME)";
				SWIFT_EMIT_LOC_STRINGS = YES;
				SWIFT_VERSION = 5.0;
				TARGETED_DEVICE_FAMILY = "1,2";
			};
			name = Debug;
		};
		92DBDA152BCFCF5B00E299E2 /* Release */ = {
			isa = XCBuildConfiguration;
			buildSettings = {
				ASSETCATALOG_COMPILER_APPICON_NAME = AppIcon;
				ASSETCATALOG_COMPILER_GLOBAL_ACCENT_COLOR_NAME = AccentColor;
				CODE_SIGN_ENTITLEMENTS = roome/roome.entitlements;
				CODE_SIGN_STYLE = Automatic;
				CURRENT_PROJECT_VERSION = 1;
				DEVELOPMENT_TEAM = BMG3X5CM6G;
				GENERATE_INFOPLIST_FILE = YES;
				INFOPLIST_FILE = roome/Info.plist;
				INFOPLIST_KEY_UIApplicationSupportsIndirectInputEvents = YES;
				INFOPLIST_KEY_UILaunchStoryboardName = LaunchScreen;
				INFOPLIST_KEY_UISupportedInterfaceOrientations_iPad = "UIInterfaceOrientationPortrait UIInterfaceOrientationPortraitUpsideDown UIInterfaceOrientationLandscapeLeft UIInterfaceOrientationLandscapeRight";
				INFOPLIST_KEY_UISupportedInterfaceOrientations_iPhone = "UIInterfaceOrientationPortrait UIInterfaceOrientationLandscapeLeft UIInterfaceOrientationLandscapeRight";
				LD_RUNPATH_SEARCH_PATHS = (
					"$(inherited)",
					"@executable_path/Frameworks",
				);
				MARKETING_VERSION = 1.0;
				PRODUCT_BUNDLE_IDENTIFIER = kr.traum.marchen.roome;
				PRODUCT_NAME = "$(TARGET_NAME)";
				SWIFT_EMIT_LOC_STRINGS = YES;
				SWIFT_VERSION = 5.0;
				TARGETED_DEVICE_FAMILY = "1,2";
			};
			name = Release;
		};
/* End XCBuildConfiguration section */

/* Begin XCConfigurationList section */
		92DBD9FA2BCFCF5900E299E2 /* Build configuration list for PBXProject "roome" */ = {
			isa = XCConfigurationList;
			buildConfigurations = (
				92DBDA112BCFCF5B00E299E2 /* Debug */,
				92DBDA122BCFCF5B00E299E2 /* Release */,
			);
			defaultConfigurationIsVisible = 0;
			defaultConfigurationName = Release;
		};
		92DBDA132BCFCF5B00E299E2 /* Build configuration list for PBXNativeTarget "roome" */ = {
			isa = XCConfigurationList;
			buildConfigurations = (
				92DBDA142BCFCF5B00E299E2 /* Debug */,
				92DBDA152BCFCF5B00E299E2 /* Release */,
			);
			defaultConfigurationIsVisible = 0;
			defaultConfigurationName = Release;
		};
/* End XCConfigurationList section */

/* Begin XCRemoteSwiftPackageReference section */
		9216951D2BF4C0E7006DC44A /* XCRemoteSwiftPackageReference "kakao-ios-sdk" */ = {
			isa = XCRemoteSwiftPackageReference;
			repositoryURL = "https://github.com/kakao/kakao-ios-sdk";
			requirement = {
				branch = master;
				kind = branch;
			};
		};
/* End XCRemoteSwiftPackageReference section */

/* Begin XCSwiftPackageProductDependency section */
		921695202BF4D600006DC44A /* KakaoSDKCommon */ = {
			isa = XCSwiftPackageProductDependency;
			package = 9216951D2BF4C0E7006DC44A /* XCRemoteSwiftPackageReference "kakao-ios-sdk" */;
			productName = KakaoSDKCommon;
		};
		921695222BF4D60E006DC44A /* KakaoSDKAuth */ = {
			isa = XCSwiftPackageProductDependency;
			package = 9216951D2BF4C0E7006DC44A /* XCRemoteSwiftPackageReference "kakao-ios-sdk" */;
			productName = KakaoSDKAuth;
		};
		921695242BF4D613006DC44A /* KakaoSDKUser */ = {
			isa = XCSwiftPackageProductDependency;
			package = 9216951D2BF4C0E7006DC44A /* XCRemoteSwiftPackageReference "kakao-ios-sdk" */;
			productName = KakaoSDKUser;
		};
/* End XCSwiftPackageProductDependency section */
	};
	rootObject = 92DBD9F72BCFCF5900E299E2 /* Project object */;
}
