// !$*UTF8*$!
{
	archiveVersion = 1;
	classes = {
	};
	objectVersion = 56;
	objects = {

/* Begin PBXBuildFile section */
		921694F82BF21E70006DC44A /* HTTP.swift in Sources */ = {isa = PBXBuildFile; fileRef = 921694F72BF21E70006DC44A /* HTTP.swift */; };
		921694FA2BF21F07006DC44A /* RequestBuilder.swift in Sources */ = {isa = PBXBuildFile; fileRef = 921694F92BF21F07006DC44A /* RequestBuilder.swift */; };
		921694FC2BF2202A006DC44A /* URLBuilder.swift in Sources */ = {isa = PBXBuildFile; fileRef = 921694FB2BF2202A006DC44A /* URLBuilder.swift */; };
		921694FE2BF2207A006DC44A /* APIProvider.swift in Sources */ = {isa = PBXBuildFile; fileRef = 921694FD2BF2207A006DC44A /* APIProvider.swift */; };
		921695012BF220A6006DC44A /* NetworkError.swift in Sources */ = {isa = PBXBuildFile; fileRef = 921695002BF220A6006DC44A /* NetworkError.swift */; };
		921695042BF22DCD006DC44A /* UIImage+.swift in Sources */ = {isa = PBXBuildFile; fileRef = 921695032BF22DCD006DC44A /* UIImage+.swift */; };
		921695072BF26F23006DC44A /* APIConstants.swift in Sources */ = {isa = PBXBuildFile; fileRef = 921695062BF26F23006DC44A /* APIConstants.swift */; };
		921695092BF302D2006DC44A /* LoginViewModel.swift in Sources */ = {isa = PBXBuildFile; fileRef = 921695082BF302D2006DC44A /* LoginViewModel.swift */; };
		9216950F2BF33E9D006DC44A /* LoginDTO.swift in Sources */ = {isa = PBXBuildFile; fileRef = 9216950E2BF33E9D006DC44A /* LoginDTO.swift */; };
		921695112BF34256006DC44A /* LoginRepositoryType.swift in Sources */ = {isa = PBXBuildFile; fileRef = 921695102BF34256006DC44A /* LoginRepositoryType.swift */; };
		921695132BF34995006DC44A /* LoginProvider.swift in Sources */ = {isa = PBXBuildFile; fileRef = 921695122BF34995006DC44A /* LoginProvider.swift */; };
		921695152BF35377006DC44A /* LoginRepository.swift in Sources */ = {isa = PBXBuildFile; fileRef = 921695142BF35377006DC44A /* LoginRepository.swift */; };
		9216951C2BF3CEBC006DC44A /* LoginUseCase.swift in Sources */ = {isa = PBXBuildFile; fileRef = 9216951B2BF3CEBC006DC44A /* LoginUseCase.swift */; };
		92DBDA032BCFCF5900E299E2 /* AppDelegate.swift in Sources */ = {isa = PBXBuildFile; fileRef = 92DBDA022BCFCF5900E299E2 /* AppDelegate.swift */; };
		92DBDA052BCFCF5900E299E2 /* SceneDelegate.swift in Sources */ = {isa = PBXBuildFile; fileRef = 92DBDA042BCFCF5900E299E2 /* SceneDelegate.swift */; };
		92DBDA072BCFCF5900E299E2 /* LoginViewController.swift in Sources */ = {isa = PBXBuildFile; fileRef = 92DBDA062BCFCF5900E299E2 /* LoginViewController.swift */; };
		92DBDA0C2BCFCF5B00E299E2 /* Assets.xcassets in Resources */ = {isa = PBXBuildFile; fileRef = 92DBDA0B2BCFCF5B00E299E2 /* Assets.xcassets */; };
		92DBDA0F2BCFCF5B00E299E2 /* LaunchScreen.storyboard in Resources */ = {isa = PBXBuildFile; fileRef = 92DBDA0D2BCFCF5B00E299E2 /* LaunchScreen.storyboard */; };
/* End PBXBuildFile section */

/* Begin PBXFileReference section */
		921694F72BF21E70006DC44A /* HTTP.swift */ = {isa = PBXFileReference; lastKnownFileType = sourcecode.swift; path = HTTP.swift; sourceTree = "<group>"; };
		921694F92BF21F07006DC44A /* RequestBuilder.swift */ = {isa = PBXFileReference; lastKnownFileType = sourcecode.swift; path = RequestBuilder.swift; sourceTree = "<group>"; };
		921694FB2BF2202A006DC44A /* URLBuilder.swift */ = {isa = PBXFileReference; lastKnownFileType = sourcecode.swift; path = URLBuilder.swift; sourceTree = "<group>"; };
		921694FD2BF2207A006DC44A /* APIProvider.swift */ = {isa = PBXFileReference; lastKnownFileType = sourcecode.swift; path = APIProvider.swift; sourceTree = "<group>"; };
		921695002BF220A6006DC44A /* NetworkError.swift */ = {isa = PBXFileReference; lastKnownFileType = sourcecode.swift; path = NetworkError.swift; sourceTree = "<group>"; };
		921695032BF22DCD006DC44A /* UIImage+.swift */ = {isa = PBXFileReference; lastKnownFileType = sourcecode.swift; path = "UIImage+.swift"; sourceTree = "<group>"; };
		921695052BF26E73006DC44A /* roome.entitlements */ = {isa = PBXFileReference; lastKnownFileType = text.plist.entitlements; path = roome.entitlements; sourceTree = "<group>"; };
		921695062BF26F23006DC44A /* APIConstants.swift */ = {isa = PBXFileReference; lastKnownFileType = sourcecode.swift; path = APIConstants.swift; sourceTree = "<group>"; };
		921695082BF302D2006DC44A /* LoginViewModel.swift */ = {isa = PBXFileReference; lastKnownFileType = sourcecode.swift; path = LoginViewModel.swift; sourceTree = "<group>"; };
		9216950E2BF33E9D006DC44A /* LoginDTO.swift */ = {isa = PBXFileReference; lastKnownFileType = sourcecode.swift; path = LoginDTO.swift; sourceTree = "<group>"; };
		921695102BF34256006DC44A /* LoginRepositoryType.swift */ = {isa = PBXFileReference; lastKnownFileType = sourcecode.swift; path = LoginRepositoryType.swift; sourceTree = "<group>"; };
		921695122BF34995006DC44A /* LoginProvider.swift */ = {isa = PBXFileReference; lastKnownFileType = sourcecode.swift; path = LoginProvider.swift; sourceTree = "<group>"; };
		921695142BF35377006DC44A /* LoginRepository.swift */ = {isa = PBXFileReference; lastKnownFileType = sourcecode.swift; path = LoginRepository.swift; sourceTree = "<group>"; };
		9216951B2BF3CEBC006DC44A /* LoginUseCase.swift */ = {isa = PBXFileReference; lastKnownFileType = sourcecode.swift; path = LoginUseCase.swift; sourceTree = "<group>"; };
		92DBD9FF2BCFCF5900E299E2 /* roome.app */ = {isa = PBXFileReference; explicitFileType = wrapper.application; includeInIndex = 0; path = roome.app; sourceTree = BUILT_PRODUCTS_DIR; };
		92DBDA022BCFCF5900E299E2 /* AppDelegate.swift */ = {isa = PBXFileReference; lastKnownFileType = sourcecode.swift; path = AppDelegate.swift; sourceTree = "<group>"; };
		92DBDA042BCFCF5900E299E2 /* SceneDelegate.swift */ = {isa = PBXFileReference; lastKnownFileType = sourcecode.swift; path = SceneDelegate.swift; sourceTree = "<group>"; };
		92DBDA062BCFCF5900E299E2 /* LoginViewController.swift */ = {isa = PBXFileReference; lastKnownFileType = sourcecode.swift; path = LoginViewController.swift; sourceTree = "<group>"; };
		92DBDA0B2BCFCF5B00E299E2 /* Assets.xcassets */ = {isa = PBXFileReference; lastKnownFileType = folder.assetcatalog; path = Assets.xcassets; sourceTree = "<group>"; };
		92DBDA0E2BCFCF5B00E299E2 /* Base */ = {isa = PBXFileReference; lastKnownFileType = file.storyboard; name = Base; path = Base.lproj/LaunchScreen.storyboard; sourceTree = "<group>"; };
		92DBDA102BCFCF5B00E299E2 /* Info.plist */ = {isa = PBXFileReference; lastKnownFileType = text.plist.xml; path = Info.plist; sourceTree = "<group>"; };
/* End PBXFileReference section */

/* Begin PBXFrameworksBuildPhase section */
		92DBD9FC2BCFCF5900E299E2 /* Frameworks */ = {
			isa = PBXFrameworksBuildPhase;
			buildActionMask = 2147483647;
			files = (
			);
			runOnlyForDeploymentPostprocessing = 0;
		};
/* End PBXFrameworksBuildPhase section */

/* Begin PBXGroup section */
		921694E92BF1BA74006DC44A /* View */ = {
			isa = PBXGroup;
			children = (
				92DBDA062BCFCF5900E299E2 /* LoginViewController.swift */,
			);
			path = View;
			sourceTree = "<group>";
		};
		921694EA2BF1BA7C006DC44A /* Application */ = {
			isa = PBXGroup;
			children = (
				92DBDA022BCFCF5900E299E2 /* AppDelegate.swift */,
				92DBDA042BCFCF5900E299E2 /* SceneDelegate.swift */,
			);
			path = Application;
			sourceTree = "<group>";
		};
		921694EC2BF1BA8E006DC44A /* ViewModel */ = {
			isa = PBXGroup;
			children = (
				921695082BF302D2006DC44A /* LoginViewModel.swift */,
			);
			path = ViewModel;
			sourceTree = "<group>";
		};
		921694ED2BF1BB8B006DC44A /* Presentation */ = {
			isa = PBXGroup;
			children = (
				921695022BF22DB4006DC44A /* Extension */,
				921694E92BF1BA74006DC44A /* View */,
				921694EC2BF1BA8E006DC44A /* ViewModel */,
			);
			path = Presentation;
			sourceTree = "<group>";
		};
		921694EE2BF1BBD1006DC44A /* Domain */ = {
			isa = PBXGroup;
			children = (
				9216950A2BF31799006DC44A /* Repository */,
				9216950B2BF317AC006DC44A /* UseCase */,
			);
			path = Domain;
			sourceTree = "<group>";
		};
		921694EF2BF1BDD7006DC44A /* Data */ = {
			isa = PBXGroup;
			children = (
				9216950D2BF33DA7006DC44A /* DataMaping */,
				9216950C2BF317CE006DC44A /* Repository */,
				921694F02BF1BEA5006DC44A /* Network */,
			);
			path = Data;
			sourceTree = "<group>";
		};
		921694F02BF1BEA5006DC44A /* Network */ = {
			isa = PBXGroup;
			children = (
				921695062BF26F23006DC44A /* APIConstants.swift */,
				921695122BF34995006DC44A /* LoginProvider.swift */,
			);
			path = Network;
			sourceTree = "<group>";
		};
		921694F52BF21E5C006DC44A /* Infrastructure */ = {
			isa = PBXGroup;
			children = (
				921694FF2BF22096006DC44A /* Error */,
				921694F62BF21E66006DC44A /* Network */,
			);
			path = Infrastructure;
			sourceTree = "<group>";
		};
		921694F62BF21E66006DC44A /* Network */ = {
			isa = PBXGroup;
			children = (
				921694F72BF21E70006DC44A /* HTTP.swift */,
				921694F92BF21F07006DC44A /* RequestBuilder.swift */,
				921694FB2BF2202A006DC44A /* URLBuilder.swift */,
				921694FD2BF2207A006DC44A /* APIProvider.swift */,
			);
			path = Network;
			sourceTree = "<group>";
		};
		921694FF2BF22096006DC44A /* Error */ = {
			isa = PBXGroup;
			children = (
				921695002BF220A6006DC44A /* NetworkError.swift */,
			);
			path = Error;
			sourceTree = "<group>";
		};
		921695022BF22DB4006DC44A /* Extension */ = {
			isa = PBXGroup;
			children = (
				921695032BF22DCD006DC44A /* UIImage+.swift */,
			);
			path = Extension;
			sourceTree = "<group>";
		};
		9216950A2BF31799006DC44A /* Repository */ = {
			isa = PBXGroup;
			children = (
				921695102BF34256006DC44A /* LoginRepositoryType.swift */,
			);
			path = Repository;
			sourceTree = "<group>";
		};
		9216950B2BF317AC006DC44A /* UseCase */ = {
			isa = PBXGroup;
			children = (
				9216951B2BF3CEBC006DC44A /* LoginUseCase.swift */,
			);
			path = UseCase;
			sourceTree = "<group>";
		};
		9216950C2BF317CE006DC44A /* Repository */ = {
			isa = PBXGroup;
			children = (
				921695142BF35377006DC44A /* LoginRepository.swift */,
			);
			path = Repository;
			sourceTree = "<group>";
		};
		9216950D2BF33DA7006DC44A /* DataMaping */ = {
			isa = PBXGroup;
			children = (
				9216950E2BF33E9D006DC44A /* LoginDTO.swift */,
			);
			path = DataMaping;
			sourceTree = "<group>";
		};
		92DBD9F62BCFCF5900E299E2 = {
			isa = PBXGroup;
			children = (
				92DBDA012BCFCF5900E299E2 /* roome */,
				92DBDA002BCFCF5900E299E2 /* Products */,
			);
			sourceTree = "<group>";
		};
		92DBDA002BCFCF5900E299E2 /* Products */ = {
			isa = PBXGroup;
			children = (
				92DBD9FF2BCFCF5900E299E2 /* roome.app */,
			);
			name = Products;
			sourceTree = "<group>";
		};
		92DBDA012BCFCF5900E299E2 /* roome */ = {
			isa = PBXGroup;
			children = (
				921695052BF26E73006DC44A /* roome.entitlements */,
				921694EA2BF1BA7C006DC44A /* Application */,
				921694EF2BF1BDD7006DC44A /* Data */,
				921694ED2BF1BB8B006DC44A /* Presentation */,
				921694EE2BF1BBD1006DC44A /* Domain */,
				921694F52BF21E5C006DC44A /* Infrastructure */,
				92DBDA0B2BCFCF5B00E299E2 /* Assets.xcassets */,
				92DBDA0D2BCFCF5B00E299E2 /* LaunchScreen.storyboard */,
				92DBDA102BCFCF5B00E299E2 /* Info.plist */,
			);
			path = roome;
			sourceTree = "<group>";
		};
/* End PBXGroup section */

/* Begin PBXNativeTarget section */
		92DBD9FE2BCFCF5900E299E2 /* roome */ = {
			isa = PBXNativeTarget;
			buildConfigurationList = 92DBDA132BCFCF5B00E299E2 /* Build configuration list for PBXNativeTarget "roome" */;
			buildPhases = (
				92DBD9FB2BCFCF5900E299E2 /* Sources */,
				92DBD9FC2BCFCF5900E299E2 /* Frameworks */,
				92DBD9FD2BCFCF5900E299E2 /* Resources */,
			);
			buildRules = (
			);
			dependencies = (
			);
			name = roome;
			productName = roome;
			productReference = 92DBD9FF2BCFCF5900E299E2 /* roome.app */;
			productType = "com.apple.product-type.application";
		};
/* End PBXNativeTarget section */

/* Begin PBXProject section */
		92DBD9F72BCFCF5900E299E2 /* Project object */ = {
			isa = PBXProject;
			attributes = {
				BuildIndependentTargetsInParallel = 1;
				LastSwiftUpdateCheck = 1500;
				LastUpgradeCheck = 1500;
				TargetAttributes = {
					92DBD9FE2BCFCF5900E299E2 = {
						CreatedOnToolsVersion = 15.0;
					};
				};
			};
			buildConfigurationList = 92DBD9FA2BCFCF5900E299E2 /* Build configuration list for PBXProject "roome" */;
			compatibilityVersion = "Xcode 14.0";
			developmentRegion = en;
			hasScannedForEncodings = 0;
			knownRegions = (
				en,
				Base,
			);
			mainGroup = 92DBD9F62BCFCF5900E299E2;
			packageReferences = (
				9216951D2BF4C0E7006DC44A /* XCRemoteSwiftPackageReference "kakao-ios-sdk" */,
			);
			productRefGroup = 92DBDA002BCFCF5900E299E2 /* Products */;
			projectDirPath = "";
			projectRoot = "";
			targets = (
				92DBD9FE2BCFCF5900E299E2 /* roome */,
			);
		};
/* End PBXProject section */

/* Begin PBXResourcesBuildPhase section */
		92DBD9FD2BCFCF5900E299E2 /* Resources */ = {
			isa = PBXResourcesBuildPhase;
			buildActionMask = 2147483647;
			files = (
				92DBDA0F2BCFCF5B00E299E2 /* LaunchScreen.storyboard in Resources */,
				92DBDA0C2BCFCF5B00E299E2 /* Assets.xcassets in Resources */,
			);
			runOnlyForDeploymentPostprocessing = 0;
		};
/* End PBXResourcesBuildPhase section */

/* Begin PBXSourcesBuildPhase section */
		92DBD9FB2BCFCF5900E299E2 /* Sources */ = {
			isa = PBXSourcesBuildPhase;
			buildActionMask = 2147483647;
			files = (
				921695132BF34995006DC44A /* LoginProvider.swift in Sources */,
				921694FA2BF21F07006DC44A /* RequestBuilder.swift in Sources */,
				9216950F2BF33E9D006DC44A /* LoginDTO.swift in Sources */,
				921695012BF220A6006DC44A /* NetworkError.swift in Sources */,
				921695092BF302D2006DC44A /* LoginViewModel.swift in Sources */,
				921695152BF35377006DC44A /* LoginRepository.swift in Sources */,
				92DBDA072BCFCF5900E299E2 /* LoginViewController.swift in Sources */,
				921694FE2BF2207A006DC44A /* APIProvider.swift in Sources */,
				921694F82BF21E70006DC44A /* HTTP.swift in Sources */,
				92DBDA032BCFCF5900E299E2 /* AppDelegate.swift in Sources */,
				921695072BF26F23006DC44A /* APIConstants.swift in Sources */,
				921695042BF22DCD006DC44A /* UIImage+.swift in Sources */,
				92DBDA052BCFCF5900E299E2 /* SceneDelegate.swift in Sources */,
				921695112BF34256006DC44A /* LoginRepositoryType.swift in Sources */,
				921694FC2BF2202A006DC44A /* URLBuilder.swift in Sources */,
				9216951C2BF3CEBC006DC44A /* LoginUseCase.swift in Sources */,
			);
			runOnlyForDeploymentPostprocessing = 0;
		};
/* End PBXSourcesBuildPhase section */

/* Begin PBXVariantGroup section */
		92DBDA0D2BCFCF5B00E299E2 /* LaunchScreen.storyboard */ = {
			isa = PBXVariantGroup;
			children = (
				92DBDA0E2BCFCF5B00E299E2 /* Base */,
			);
			name = LaunchScreen.storyboard;
			sourceTree = "<group>";
		};
/* End PBXVariantGroup section */

/* Begin XCBuildConfiguration section */
		92DBDA112BCFCF5B00E299E2 /* Debug */ = {
			isa = XCBuildConfiguration;
			buildSettings = {
				ALWAYS_SEARCH_USER_PATHS = NO;
				ASSETCATALOG_COMPILER_GENERATE_SWIFT_ASSET_SYMBOL_EXTENSIONS = YES;
				CLANG_ANALYZER_NONNULL = YES;
				CLANG_ANALYZER_NUMBER_OBJECT_CONVERSION = YES_AGGRESSIVE;
				CLANG_CXX_LANGUAGE_STANDARD = "gnu++20";
				CLANG_ENABLE_MODULES = YES;
				CLANG_ENABLE_OBJC_ARC = YES;
				CLANG_ENABLE_OBJC_WEAK = YES;
				CLANG_WARN_BLOCK_CAPTURE_AUTORELEASING = YES;
				CLANG_WARN_BOOL_CONVERSION = YES;
				CLANG_WARN_COMMA = YES;
				CLANG_WARN_CONSTANT_CONVERSION = YES;
				CLANG_WARN_DEPRECATED_OBJC_IMPLEMENTATIONS = YES;
				CLANG_WARN_DIRECT_OBJC_ISA_USAGE = YES_ERROR;
				CLANG_WARN_DOCUMENTATION_COMMENTS = YES;
				CLANG_WARN_EMPTY_BODY = YES;
				CLANG_WARN_ENUM_CONVERSION = YES;
				CLANG_WARN_INFINITE_RECURSION = YES;
				CLANG_WARN_INT_CONVERSION = YES;
				CLANG_WARN_NON_LITERAL_NULL_CONVERSION = YES;
				CLANG_WARN_OBJC_IMPLICIT_RETAIN_SELF = YES;
				CLANG_WARN_OBJC_LITERAL_CONVERSION = YES;
				CLANG_WARN_OBJC_ROOT_CLASS = YES_ERROR;
				CLANG_WARN_QUOTED_INCLUDE_IN_FRAMEWORK_HEADER = YES;
				CLANG_WARN_RANGE_LOOP_ANALYSIS = YES;
				CLANG_WARN_STRICT_PROTOTYPES = YES;
				CLANG_WARN_SUSPICIOUS_MOVE = YES;
				CLANG_WARN_UNGUARDED_AVAILABILITY = YES_AGGRESSIVE;
				CLANG_WARN_UNREACHABLE_CODE = YES;
				CLANG_WARN__DUPLICATE_METHOD_MATCH = YES;
				COPY_PHASE_STRIP = NO;
				DEBUG_INFORMATION_FORMAT = dwarf;
				ENABLE_STRICT_OBJC_MSGSEND = YES;
				ENABLE_TESTABILITY = YES;
				ENABLE_USER_SCRIPT_SANDBOXING = YES;
				GCC_C_LANGUAGE_STANDARD = gnu17;
				GCC_DYNAMIC_NO_PIC = NO;
				GCC_NO_COMMON_BLOCKS = YES;
				GCC_OPTIMIZATION_LEVEL = 0;
				GCC_PREPROCESSOR_DEFINITIONS = (
					"DEBUG=1",
					"$(inherited)",
				);
				GCC_WARN_64_TO_32_BIT_CONVERSION = YES;
				GCC_WARN_ABOUT_RETURN_TYPE = YES_ERROR;
				GCC_WARN_UNDECLARED_SELECTOR = YES;
				GCC_WARN_UNINITIALIZED_AUTOS = YES_AGGRESSIVE;
				GCC_WARN_UNUSED_FUNCTION = YES;
				GCC_WARN_UNUSED_VARIABLE = YES;
				IPHONEOS_DEPLOYMENT_TARGET = 17.0;
				LOCALIZATION_PREFERS_STRING_CATALOGS = YES;
				MTL_ENABLE_DEBUG_INFO = INCLUDE_SOURCE;
				MTL_FAST_MATH = YES;
				ONLY_ACTIVE_ARCH = YES;
				SDKROOT = iphoneos;
				SWIFT_ACTIVE_COMPILATION_CONDITIONS = "DEBUG $(inherited)";
				SWIFT_OPTIMIZATION_LEVEL = "-Onone";
			};
			name = Debug;
		};
		92DBDA122BCFCF5B00E299E2 /* Release */ = {
			isa = XCBuildConfiguration;
			buildSettings = {
				ALWAYS_SEARCH_USER_PATHS = NO;
				ASSETCATALOG_COMPILER_GENERATE_SWIFT_ASSET_SYMBOL_EXTENSIONS = YES;
				CLANG_ANALYZER_NONNULL = YES;
				CLANG_ANALYZER_NUMBER_OBJECT_CONVERSION = YES_AGGRESSIVE;
				CLANG_CXX_LANGUAGE_STANDARD = "gnu++20";
				CLANG_ENABLE_MODULES = YES;
				CLANG_ENABLE_OBJC_ARC = YES;
				CLANG_ENABLE_OBJC_WEAK = YES;
				CLANG_WARN_BLOCK_CAPTURE_AUTORELEASING = YES;
				CLANG_WARN_BOOL_CONVERSION = YES;
				CLANG_WARN_COMMA = YES;
				CLANG_WARN_CONSTANT_CONVERSION = YES;
				CLANG_WARN_DEPRECATED_OBJC_IMPLEMENTATIONS = YES;
				CLANG_WARN_DIRECT_OBJC_ISA_USAGE = YES_ERROR;
				CLANG_WARN_DOCUMENTATION_COMMENTS = YES;
				CLANG_WARN_EMPTY_BODY = YES;
				CLANG_WARN_ENUM_CONVERSION = YES;
				CLANG_WARN_INFINITE_RECURSION = YES;
				CLANG_WARN_INT_CONVERSION = YES;
				CLANG_WARN_NON_LITERAL_NULL_CONVERSION = YES;
				CLANG_WARN_OBJC_IMPLICIT_RETAIN_SELF = YES;
				CLANG_WARN_OBJC_LITERAL_CONVERSION = YES;
				CLANG_WARN_OBJC_ROOT_CLASS = YES_ERROR;
				CLANG_WARN_QUOTED_INCLUDE_IN_FRAMEWORK_HEADER = YES;
				CLANG_WARN_RANGE_LOOP_ANALYSIS = YES;
				CLANG_WARN_STRICT_PROTOTYPES = YES;
				CLANG_WARN_SUSPICIOUS_MOVE = YES;
				CLANG_WARN_UNGUARDED_AVAILABILITY = YES_AGGRESSIVE;
				CLANG_WARN_UNREACHABLE_CODE = YES;
				CLANG_WARN__DUPLICATE_METHOD_MATCH = YES;
				COPY_PHASE_STRIP = NO;
				DEBUG_INFORMATION_FORMAT = "dwarf-with-dsym";
				ENABLE_NS_ASSERTIONS = NO;
				ENABLE_STRICT_OBJC_MSGSEND = YES;
				ENABLE_USER_SCRIPT_SANDBOXING = YES;
				GCC_C_LANGUAGE_STANDARD = gnu17;
				GCC_NO_COMMON_BLOCKS = YES;
				GCC_WARN_64_TO_32_BIT_CONVERSION = YES;
				GCC_WARN_ABOUT_RETURN_TYPE = YES_ERROR;
				GCC_WARN_UNDECLARED_SELECTOR = YES;
				GCC_WARN_UNINITIALIZED_AUTOS = YES_AGGRESSIVE;
				GCC_WARN_UNUSED_FUNCTION = YES;
				GCC_WARN_UNUSED_VARIABLE = YES;
				IPHONEOS_DEPLOYMENT_TARGET = 17.0;
				LOCALIZATION_PREFERS_STRING_CATALOGS = YES;
				MTL_ENABLE_DEBUG_INFO = NO;
				MTL_FAST_MATH = YES;
				SDKROOT = iphoneos;
				SWIFT_COMPILATION_MODE = wholemodule;
				VALIDATE_PRODUCT = YES;
			};
			name = Release;
		};
		92DBDA142BCFCF5B00E299E2 /* Debug */ = {
			isa = XCBuildConfiguration;
			buildSettings = {
				ASSETCATALOG_COMPILER_APPICON_NAME = AppIcon;
				ASSETCATALOG_COMPILER_GLOBAL_ACCENT_COLOR_NAME = AccentColor;
				CODE_SIGN_ENTITLEMENTS = roome/roome.entitlements;
				CODE_SIGN_STYLE = Automatic;
				CURRENT_PROJECT_VERSION = 1;
				DEVELOPMENT_TEAM = BMG3X5CM6G;
				GENERATE_INFOPLIST_FILE = YES;
				INFOPLIST_FILE = roome/Info.plist;
				INFOPLIST_KEY_UIApplicationSupportsIndirectInputEvents = YES;
				INFOPLIST_KEY_UILaunchStoryboardName = LaunchScreen;
				INFOPLIST_KEY_UISupportedInterfaceOrientations_iPad = "UIInterfaceOrientationPortrait UIInterfaceOrientationPortraitUpsideDown UIInterfaceOrientationLandscapeLeft UIInterfaceOrientationLandscapeRight";
				INFOPLIST_KEY_UISupportedInterfaceOrientations_iPhone = "UIInterfaceOrientationPortrait UIInterfaceOrientationLandscapeLeft UIInterfaceOrientationLandscapeRight";
				LD_RUNPATH_SEARCH_PATHS = (
					"$(inherited)",
					"@executable_path/Frameworks",
				);
				MARKETING_VERSION = 1.0;
				PRODUCT_BUNDLE_IDENTIFIER = kr.traum.marchen.roome;
				PRODUCT_NAME = "$(TARGET_NAME)";
				SWIFT_EMIT_LOC_STRINGS = YES;
				SWIFT_VERSION = 5.0;
				TARGETED_DEVICE_FAMILY = "1,2";
			};
			name = Debug;
		};
		92DBDA152BCFCF5B00E299E2 /* Release */ = {
			isa = XCBuildConfiguration;
			buildSettings = {
				ASSETCATALOG_COMPILER_APPICON_NAME = AppIcon;
				ASSETCATALOG_COMPILER_GLOBAL_ACCENT_COLOR_NAME = AccentColor;
				CODE_SIGN_ENTITLEMENTS = roome/roome.entitlements;
				CODE_SIGN_STYLE = Automatic;
				CURRENT_PROJECT_VERSION = 1;
				DEVELOPMENT_TEAM = BMG3X5CM6G;
				GENERATE_INFOPLIST_FILE = YES;
				INFOPLIST_FILE = roome/Info.plist;
				INFOPLIST_KEY_UIApplicationSupportsIndirectInputEvents = YES;
				INFOPLIST_KEY_UILaunchStoryboardName = LaunchScreen;
				INFOPLIST_KEY_UISupportedInterfaceOrientations_iPad = "UIInterfaceOrientationPortrait UIInterfaceOrientationPortraitUpsideDown UIInterfaceOrientationLandscapeLeft UIInterfaceOrientationLandscapeRight";
				INFOPLIST_KEY_UISupportedInterfaceOrientations_iPhone = "UIInterfaceOrientationPortrait UIInterfaceOrientationLandscapeLeft UIInterfaceOrientationLandscapeRight";
				LD_RUNPATH_SEARCH_PATHS = (
					"$(inherited)",
					"@executable_path/Frameworks",
				);
				MARKETING_VERSION = 1.0;
				PRODUCT_BUNDLE_IDENTIFIER = kr.traum.marchen.roome;
				PRODUCT_NAME = "$(TARGET_NAME)";
				SWIFT_EMIT_LOC_STRINGS = YES;
				SWIFT_VERSION = 5.0;
				TARGETED_DEVICE_FAMILY = "1,2";
			};
			name = Release;
		};
/* End XCBuildConfiguration section */

/* Begin XCConfigurationList section */
		92DBD9FA2BCFCF5900E299E2 /* Build configuration list for PBXProject "roome" */ = {
			isa = XCConfigurationList;
			buildConfigurations = (
				92DBDA112BCFCF5B00E299E2 /* Debug */,
				92DBDA122BCFCF5B00E299E2 /* Release */,
			);
			defaultConfigurationIsVisible = 0;
			defaultConfigurationName = Release;
		};
		92DBDA132BCFCF5B00E299E2 /* Build configuration list for PBXNativeTarget "roome" */ = {
			isa = XCConfigurationList;
			buildConfigurations = (
				92DBDA142BCFCF5B00E299E2 /* Debug */,
				92DBDA152BCFCF5B00E299E2 /* Release */,
			);
			defaultConfigurationIsVisible = 0;
			defaultConfigurationName = Release;
		};
/* End XCConfigurationList section */

/* Begin XCRemoteSwiftPackageReference section */
		9216951D2BF4C0E7006DC44A /* XCRemoteSwiftPackageReference "kakao-ios-sdk" */ = {
			isa = XCRemoteSwiftPackageReference;
			repositoryURL = "https://github.com/kakao/kakao-ios-sdk";
			requirement = {
				branch = master;
				kind = branch;
			};
		};
/* End XCRemoteSwiftPackageReference section */
	};
	rootObject = 92DBD9F72BCFCF5900E299E2 /* Project object */;
}
